
Microsoft Visual Studio Solution File, Format Version 12.00
# Visual Studio Version 16
VisualStudioVersion = 16.0.31205.134
MinimumVisualStudioVersion = 10.0.40219.1
Project("{FAE04EC0-301F-11D3-BF4B-00C04F79EFBC}") = "l3t3", "l3t3\l3t3.csproj", "{778596B0-5701-411D-9264-BADDDF90DF57}"
EndProject
Global
	GlobalSection(SolutionConfigurationPlatforms) = preSolution
		Debug|Any CPU = Debug|Any CPU
		Release|Any CPU = Release|Any CPU
	EndGlobalSection
	GlobalSection(ProjectConfigurationPlatforms) = postSolution
		{778596B0-5701-411D-9264-BADDDF90DF57}.Debug|Any CPU.ActiveCfg = Debug|Any CPU
		{778596B0-5701-411D-9264-BADDDF90DF57}.Debug|Any CPU.Build.0 = Debug|Any CPU
		{778596B0-5701-411D-9264-BADDDF90DF57}.Release|Any CPU.ActiveCfg = Release|Any CPU
		{778596B0-5701-411D-9264-BADDDF90DF57}.Release|Any CPU.Build.0 = Release|Any CPU
	EndGlobalSection
	GlobalSection(SolutionProperties) = preSolution
		HideSolutionNode = FALSE
	EndGlobalSection
	GlobalSection(ExtensibilityGlobals) = postSolution
		SolutionGuid = {A2364032-A7CC-4712-920E-27E9C46A5411}
	EndGlobalSection
EndGlobal
