
Microsoft Visual Studio Solution File, Format Version 12.00
# Visual Studio Version 16
VisualStudioVersion = 16.0.31205.134
MinimumVisualStudioVersion = 10.0.40219.1
Project("{FAE04EC0-301F-11D3-BF4B-00C04F79EFBC}") = "l2t2", "l2t2\l2t2.csproj", "{FBDCA45E-0FCA-4AB3-BD49-6B0233EC7EB0}"
EndProject
Global
	GlobalSection(SolutionConfigurationPlatforms) = preSolution
		Debug|Any CPU = Debug|Any CPU
		Release|Any CPU = Release|Any CPU
	EndGlobalSection
	GlobalSection(ProjectConfigurationPlatforms) = postSolution
		{FBDCA45E-0FCA-4AB3-BD49-6B0233EC7EB0}.Debug|Any CPU.ActiveCfg = Debug|Any CPU
		{FBDCA45E-0FCA-4AB3-BD49-6B0233EC7EB0}.Debug|Any CPU.Build.0 = Debug|Any CPU
		{FBDCA45E-0FCA-4AB3-BD49-6B0233EC7EB0}.Release|Any CPU.ActiveCfg = Release|Any CPU
		{FBDCA45E-0FCA-4AB3-BD49-6B0233EC7EB0}.Release|Any CPU.Build.0 = Release|Any CPU
	EndGlobalSection
	GlobalSection(SolutionProperties) = preSolution
		HideSolutionNode = FALSE
	EndGlobalSection
	GlobalSection(ExtensibilityGlobals) = postSolution
		SolutionGuid = {B8A99DAE-DF75-4DB7-9E00-0D180238A140}
	EndGlobalSection
EndGlobal
