
Microsoft Visual Studio Solution File, Format Version 12.00
# Visual Studio Version 16
VisualStudioVersion = 16.0.31205.134
MinimumVisualStudioVersion = 10.0.40219.1
Project("{FAE04EC0-301F-11D3-BF4B-00C04F79EFBC}") = "extra", "extra\extra.csproj", "{8313E3DF-310F-4038-ABD2-768F2CCF2D0E}"
EndProject
Global
	GlobalSection(SolutionConfigurationPlatforms) = preSolution
		Debug|Any CPU = Debug|Any CPU
		Release|Any CPU = Release|Any CPU
	EndGlobalSection
	GlobalSection(ProjectConfigurationPlatforms) = postSolution
		{8313E3DF-310F-4038-ABD2-768F2CCF2D0E}.Debug|Any CPU.ActiveCfg = Debug|Any CPU
		{8313E3DF-310F-4038-ABD2-768F2CCF2D0E}.Debug|Any CPU.Build.0 = Debug|Any CPU
		{8313E3DF-310F-4038-ABD2-768F2CCF2D0E}.Release|Any CPU.ActiveCfg = Release|Any CPU
		{8313E3DF-310F-4038-ABD2-768F2CCF2D0E}.Release|Any CPU.Build.0 = Release|Any CPU
	EndGlobalSection
	GlobalSection(SolutionProperties) = preSolution
		HideSolutionNode = FALSE
	EndGlobalSection
	GlobalSection(ExtensibilityGlobals) = postSolution
		SolutionGuid = {0066A926-6517-4A6E-B04B-6D9EE02D4062}
	EndGlobalSection
EndGlobal
