
Microsoft Visual Studio Solution File, Format Version 12.00
# Visual Studio Version 16
VisualStudioVersion = 16.0.31205.134
MinimumVisualStudioVersion = 10.0.40219.1
Project("{FAE04EC0-301F-11D3-BF4B-00C04F79EFBC}") = "Factorial", "Factorial\Factorial.csproj", "{99881FF9-7186-4033-AABD-833A2791D6D6}"
EndProject
Global
	GlobalSection(SolutionConfigurationPlatforms) = preSolution
		Debug|Any CPU = Debug|Any CPU
		Release|Any CPU = Release|Any CPU
	EndGlobalSection
	GlobalSection(ProjectConfigurationPlatforms) = postSolution
		{99881FF9-7186-4033-AABD-833A2791D6D6}.Debug|Any CPU.ActiveCfg = Debug|Any CPU
		{99881FF9-7186-4033-AABD-833A2791D6D6}.Debug|Any CPU.Build.0 = Debug|Any CPU
		{99881FF9-7186-4033-AABD-833A2791D6D6}.Release|Any CPU.ActiveCfg = Release|Any CPU
		{99881FF9-7186-4033-AABD-833A2791D6D6}.Release|Any CPU.Build.0 = Release|Any CPU
	EndGlobalSection
	GlobalSection(SolutionProperties) = preSolution
		HideSolutionNode = FALSE
	EndGlobalSection
	GlobalSection(ExtensibilityGlobals) = postSolution
		SolutionGuid = {10199DF0-5ECE-4433-8634-2EBEE9A41CA0}
	EndGlobalSection
EndGlobal
